---
lockfileVersion: '9.0'

importers:

  .:
    configDependencies: {}
    packageManagerDependencies:
      pnpm:
        specifier: 12.4.1
        version: 12.4.1

packages:

  '@pnpm/exe.android-arm64@12.4.1':
    resolution: {integrity: sha512-/HwsqXMSmlOfgtV9+O0ratzjV6Vd/8n1hh4rGHpCGmDURvt52MwZxdbhyxP4K03ZfvgSDvotFPr8O+RzE5Eu8A==}
    cpu: [arm64]
    os: [android]

  '@pnpm/exe.android-x64@12.4.1':
    resolution: {integrity: sha512-+l74Qb4c2YjOzNKHXJLg+1wr8xHM1ckkUhnU5KRUK9TJqiiczt6yeTZqqzHIlJ8i6pAoj5V0OJevDRwnQKLgrQ==}
    cpu: [x64]
    os: [android]

  '@pnpm/exe.darwin-arm64@12.4.1':
    resolution: {integrity: sha512-6rkZkT3iGfaxknUdGHraqSWFvTa6N0ajAHluv9Ax0GRWs0sIcGNiFhDopv6xSZCsJZmG483aNS/b6UEDy3blfw==}
    cpu: [arm64]
    os: [darwin]

  '@pnpm/exe.darwin-x64@12.4.1':
    resolution: {integrity: sha512-Vb1CHlR88HghC1qUxjxjs82zQSXnXacPD+btG2CmG8Q/hBU7Q0/b2YWJKSQqZXicunV5khFtfTlAwJddV9RkYA==}
    cpu: [x64]
    os: [darwin]

  '@pnpm/exe.freebsd-x64@12.4.1':
    resolution: {integrity: sha512-iT3iHz3Nl0Sxxj7UPOtZ/aQ81AFsQhjoeWMAlPkSRO04gsgDGAXv3UYxOFaesMWsfNxaGn0A+CITbuCHFF66FA==}
    cpu: [x64]
    os: [freebsd]

  '@pnpm/exe.linux-arm64-musl@12.4.1':
    resolution: {integrity: sha512-aBooZfNXM5f+OGUgCAMFWpE/kAhsWfvmqIyMtHy6zl3aNxyInWrcY/Saln/UElzo7lZWMC0Yktroxd/2J26lNQ==}
    cpu: [arm64]
    os: [linux]
    libc: [musl]

  '@pnpm/exe.linux-arm64@12.4.1':
    resolution: {integrity: sha512-TlOdacTTP09BgcMvwWBFRsu8VAjfwqwnslBj+XSq1JFM3ck4f3k+1O/747EuctxZxs3/o785b6Q3s7Pd92Ptsg==}
    cpu: [arm64]
    os: [linux]
    libc: [glibc]

  '@pnpm/exe.linux-ppc64@12.4.1':
    resolution: {integrity: sha512-r/ab/MlIBo75oizUP5ITiziCCrnXz4SJwfErLQ+603AshB+Yq7xTMCoMtzTSCAMu6aaymIKkAFtZvd2J75Wq0w==}
    cpu: [ppc64]
    os: [linux]
    libc: [glibc]

  '@pnpm/exe.linux-riscv64@12.4.1':
    resolution: {integrity: sha512-C/D1QWdKMiB8+wv/spl1rGITFUuqC+aI/fb6h8NB5sqxsOaGXeYc/g891oCuzggHn6SODk9p+I09hI76x/cMNw==}
    cpu: [riscv64]
    os: [linux]
    libc: [glibc]

  '@pnpm/exe.linux-s390x@12.4.1':
    resolution: {integrity: sha512-nxz5zD4yXt94uzbStDk0QTPKW+aE92hH1b5tFXK9ctB1HE9Xcq1vjTiA2LsZMFC6p4gdu5OwQeFqYNAVGa6QlA==}
    cpu: [s390x]
    os: [linux]
    libc: [glibc]

  '@pnpm/exe.linux-x64-musl@12.4.1':
    resolution: {integrity: sha512-5AwgFdGhVUg2kIweYGfxzSLEHiIG77PQhZAkXC3TwofQHsu1Wr+TrV5/rNX2PopFnHRzuE581zoB8F6Wle32yg==}
    cpu: [x64]
    os: [linux]
    libc: [musl]

  '@pnpm/exe.linux-x64@12.4.1':
    resolution: {integrity: sha512-FJOZuuuQMhp0oLzBtcKkLXknBI92hfkmSnlKc47vfin4HrmfID5khY2lGekL9tCzk1cpR+HShEw/meFl+nHtzQ==}
    cpu: [x64]
    os: [linux]
    libc: [glibc]

  '@pnpm/exe.win32-arm64@12.4.1':
    resolution: {integrity: sha512-OO7eKBL9S+xk5hRy+JUUZSNJknGuGe3GEUffsrlC2LbqKF02g+VX1anGIzSbJDvkkdnpJhSlxF5AUz2JzJu2Jw==}
    cpu: [arm64]
    os: [win32]

  '@pnpm/exe.win32-x64@12.4.1':
    resolution: {integrity: sha512-x7gJHZgHo6hp354xCYA2NvoFzYJkHwovt2kVsUBK5EmXULLcP51JGMq09CX+5FRFJUZFKoXjLu3mZWmfP7o6PQ==}
    cpu: [x64]
    os: [win32]

  pnpm@12.4.1:
    resolution: {integrity: sha512-LoHjmdc/6DkNqyXgaqeIq3pZCCSNL1o3D4K0gRR6ano2e/gEj5pv22Rg8hpm8FQt7bi5TKLIcjWWdBkgsWVtTA==}
    engines: {node: '>=18.*'}
    hasBin: true

snapshots:

  '@pnpm/exe.android-arm64@12.4.1':
    optional: true

  '@pnpm/exe.android-x64@12.4.1':
    optional: true

  '@pnpm/exe.darwin-arm64@12.4.1':
    optional: true

  '@pnpm/exe.darwin-x64@12.4.1':
    optional: true

  '@pnpm/exe.freebsd-x64@12.4.1':
    optional: true

  '@pnpm/exe.linux-arm64-musl@12.4.1':
    optional: true

  '@pnpm/exe.linux-arm64@12.4.1':
    optional: true

  '@pnpm/exe.linux-ppc64@12.4.1':
    optional: true

  '@pnpm/exe.linux-riscv64@12.4.1':
    optional: true

  '@pnpm/exe.linux-s390x@12.4.1':
    optional: true

  '@pnpm/exe.linux-x64-musl@12.4.1':
    optional: true

  '@pnpm/exe.linux-x64@12.4.1':
    optional: true

  '@pnpm/exe.win32-arm64@12.4.1':
    optional: true

  '@pnpm/exe.win32-x64@12.4.1':
    optional: true

  pnpm@12.4.1:
    optionalDependencies:
      '@pnpm/exe.android-arm64': 12.4.1
      '@pnpm/exe.android-x64': 12.4.1
      '@pnpm/exe.darwin-arm64': 12.4.1
      '@pnpm/exe.darwin-x64': 12.4.1
      '@pnpm/exe.freebsd-x64': 12.4.1
      '@pnpm/exe.linux-arm64': 12.4.1
      '@pnpm/exe.linux-arm64-musl': 12.4.1
      '@pnpm/exe.linux-ppc64': 12.4.1
      '@pnpm/exe.linux-riscv64': 12.4.1
      '@pnpm/exe.linux-s390x': 12.4.1
      '@pnpm/exe.linux-x64': 12.4.1
      '@pnpm/exe.linux-x64-musl': 12.4.1
      '@pnpm/exe.win32-arm64': 12.4.1
      '@pnpm/exe.win32-x64': 12.4.1

---
lockfileVersion: '9.0'

settings:
  autoInstallPeers: true
  excludeLinksFromLockfile: false

importers:

  .:
    dependencies:
      react:
        specifier: ^19.3.0
        version: 19.3.0
      react-dom:
        specifier: ^19.3.0
        version: 19.3.0(react@19.3.0)
    devDependencies:
      '@rsbuild/core':
        specifier: ^2.2.6
        version: 2.2.6(core-js@3.47.0)
      '@rsbuild/plugin-react':
        specifier: ^2.1.0
        version: 2.1.0(@rsbuild/core@2.2.6(core-js@3.47.0))(@rspack/core@2.2.4(@swc/helpers@0.5.23))

packages:

  '@emnapi/core@1.11.3':
    resolution: {integrity: sha512-zLpS5asjEb7lq8jYLq37N6XKaE41DIexlY1rF/z4/tIl3wo13Sqm28fRyfIsKZD+NZ8mM5RoKkpW/rBcuoSZSg==}

  '@emnapi/runtime@1.11.3':
    resolution: {integrity: sha512-Xz4Tpyki7XyrpbUK1jR1AhdAdaXyhhY4lZ3neLodmhpuWfy2PAQN5B46sAiU4liOXGLkHypn/qU+jvfWSCYYLA==}

  '@emnapi/wasi-threads@1.2.3':
    resolution: {integrity: sha512-ELEBe8PsLvvJ6QMr0zLt8ffvOHW/dc1m3CEzNMg7aJUv3bMaoDtw2TXyDAwkYBuroxxuHEwhRTLJSe5sya547g==}

  '@napi-rs/wasm-runtime@1.1.6':
    resolution: {integrity: sha512-ZLv/JdUfkvOy9eCnnBaGfiO+XimbjebAeO+MRQqD/B+FR1tnRN0tpKSJHRbE8sFfS6aqsXZ67TQjfwfsxULVbg==}
    peerDependencies:
      '@emnapi/core': ^1.7.1
      '@emnapi/runtime': ^1.7.1

  '@rsbuild/core@2.2.6':
    resolution: {integrity: sha512-+BoNmacdQ2j9ysUunVUm2CTK7Aff70l4P/m29R5AWjd2vCU+X7bo6u3geMMJV0+j/JUHzoccC1ERIEhzqnD3Xg==}
    engines: {node: ^20.19.0 || >=22.12.0}
    hasBin: true
    peerDependencies:
      core-js: '>= 3.0.0'
    peerDependenciesMeta:
      core-js:
        optional: true

  '@rsbuild/plugin-react@2.1.0':
    resolution: {integrity: sha512-RQTIAWB/CwPjoWt9iAl+8HixeQVgZ7kEIBrWPCixfITyHdiD84h0YpUTpEUuz6kGHw1KXT9mHZ3Rwy6WG7aRDA==}
    peerDependencies:
      '@rsbuild/core': ^2.0.0
    peerDependenciesMeta:
      '@rsbuild/core':
        optional: true

  '@rspack/binding-darwin-arm64@2.2.4':
    resolution: {integrity: sha512-PmwL+7nlD58tvGi2tUct2D6HzPsCeICvNpfgznzFjvrGlmPOm7pn5ahaevEf0C5QRHldf97qShekits4bzArsQ==}
    cpu: [arm64]
    os: [darwin]

  '@rspack/binding-darwin-x64@2.2.4':
    resolution: {integrity: sha512-eFVBlPe/32eNaC5oIQFIfMRIic/+670iK+hep4eFSuDzJPC2QBXviSDrNRIdshTFNirCquR1+idT0XI74JYBjw==}
    cpu: [x64]
    os: [darwin]

  '@rspack/binding-linux-arm64-gnu@2.2.4':
    resolution: {integrity: sha512-/gyHP8DVezbTzey3wCknCRSKHzxZmfOAVtoNhNfQ2+9+wNaZUKjjaGuLc/IOc1CVeZ9cE30bNzJdun+/F9KNrg==}
    cpu: [arm64]
    os: [linux]
    libc: [glibc]

  '@rspack/binding-linux-arm64-musl@2.2.4':
    resolution: {integrity: sha512-eNXOvP4hKpRozCLsutbGU7R8mQ9S3OaSbgK5T/aitEAeIzFMorkcbVJopVKwEDLxrNSTfndTedefkYN+pdhsYQ==}
    cpu: [arm64]
    os: [linux]
    libc: [musl]

  '@rspack/binding-linux-ppc64-gnu@2.2.4':
    resolution: {integrity: sha512-WmlhV3nXgiKiSAFc5QVSYgurbTyF+fGUgd59JWsMCPmqwgTmNyjq6mjmoa6fzKtX/4+oKFUBBn4CdO1uCKU/ww==}
    cpu: [ppc64]
    os: [linux]
    libc: [glibc]

  '@rspack/binding-linux-riscv64-gnu@2.2.4':
    resolution: {integrity: sha512-EGqzydSCvB1o8aVk0H+HM1npAk63ZRR8jSTqzY0GQ4nz+30LHZ/Ah1Eba91OsUAgfKwk3ffP5a7EoizH24m2Rg==}
    cpu: [riscv64]
    os: [linux]
    libc: [glibc]

  '@rspack/binding-linux-riscv64-musl@2.2.4':
    resolution: {integrity: sha512-5A5vzbvNBvuAQ4ZGEAdVl8gcFowgqCCVz3fCh12Jq3WHynl3J4JHAMnVQMs7A/KmaBhwKYDtO4FUvWh5V/BNKA==}
    cpu: [riscv64]
    os: [linux]
    libc: [musl]

  '@rspack/binding-linux-s390x-gnu@2.2.4':
    resolution: {integrity: sha512-AWGTTx5ZkMe/hHTjpbIdxJ2xzMrSaL+01zpzV2LpGhheiXeDmwId9yYEEG8vwtzzVmz8lS5VBRIdy3Kx/k4m8A==}
    cpu: [s390x]
    os: [linux]
    libc: [glibc]

  '@rspack/binding-linux-x64-gnu@2.2.4':
    resolution: {integrity: sha512-wzVC7AkyGD0rAdV41pKxwokvdAEY47HazjdUd3Pq2MT/rHNkhgsbCOVbrl4Ts2vQqiLrFfnnNZs383492oIrQw==}
    cpu: [x64]
    os: [linux]
    libc: [glibc]

  '@rspack/binding-linux-x64-musl@2.2.4':
    resolution: {integrity: sha512-Gpxo27eJ+r53ebWdm8FIg6jtlEOr4T5Yit7FgF8Ib9U78Et9qGcbnvVQONHjz8gUe2hvwg9QQ1EJZechSpVB8A==}
    cpu: [x64]
    os: [linux]
    libc: [musl]

  '@rspack/binding-wasm32-wasi@2.2.4':
    resolution: {integrity: sha512-Ak0PYNbyQd/0d7xsuCCBvc/V9+S8+NoHHv5dzlHepa6udSF7zKDxv9MxRMdhIIBrgn+8GMHQb3ohwW1XjzmONg==}
    cpu: [wasm32]

  '@rspack/binding-win32-arm64-msvc@2.2.4':
    resolution: {integrity: sha512-OVynh1BYpAKSdvopHR4P/Qy1y17YgF3qLGcRYDGTvwAYOX7EyHS/7YK8BX12T2dDZV2UhEa2t98fNncX5H/O3Q==}
    cpu: [arm64]
    os: [win32]

  '@rspack/binding-win32-ia32-msvc@2.2.4':
    resolution: {integrity: sha512-Q3yuEY/ayWjF0dO6Guj1cPH97jyaazNXRUzZz5/qz1BuuCPUaV7/LMUz1HHKOqxCw13dPFWoYRMFC92ntH/jKg==}
    cpu: [ia32]
    os: [win32]

  '@rspack/binding-win32-x64-msvc@2.2.4':
    resolution: {integrity: sha512-syTl1zbNQPj0HuiPEqSHT/wfLGxDCjrG17UaK1sIauZjDKisIyzN3DYE+WYuRy6wSNQ02jhPFmsvdxgntfQKFw==}
    cpu: [x64]
    os: [win32]

  '@rspack/binding@2.2.4':
    resolution: {integrity: sha512-KoH5Wofyt1+egnqWF3pr8ItiYQiLgrHYLHOAn4YpzIMsGc8zDur3dCIhrhJ1uhbD3O7zkKqav4he3bo1kAmX9Q==}

  '@rspack/core@2.2.4':
    resolution: {integrity: sha512-p8/w2i3viGQDVaqbHZtKpBwQNG7rY+Bf8iwu3i+d4KHwC1+VMLc4fBD30qU+cAHuUtsdx15sicvTVz3CniYOlg==}
    engines: {node: ^20.19.0 || >=22.12.0}
    peerDependencies:
      '@module-federation/runtime-tools': ^0.24.1 || ^2.0.0
      '@swc/helpers': ^0.5.23
    peerDependenciesMeta:
      '@module-federation/runtime-tools':
        optional: true
      '@swc/helpers':
        optional: true

  '@rspack/plugin-react-refresh@2.0.2':
    resolution: {integrity: sha512-dGNZiCxQxgAUI9sah7gd8u+O7OJZRCmqtEJNDOd8xW5RqcieC86F7p5qcShyw6onH5pKf57evpr2VjGbaFGkZg==}
    peerDependencies:
      '@rspack/core': ^2.0.0
      react-refresh: '>=0.10.0 <1.0.0'
    peerDependenciesMeta:
      '@rspack/core':
        optional: true

  '@swc/helpers@0.5.23':
    resolution: {integrity: sha512-5lSsMOTXURePglDfvuAQUqkGek9Hg2kksOYay2m0+XR++b2NWYL/4sWyuvVBIs8oKnJaxkdi9whaL/sqN13afw==}

  '@tybys/wasm-util@0.10.3':
    resolution: {integrity: sha512-F3fo1MYrRJYL3zER0OUOmkutjr1Vp23m7OsSgp7nq4SP6OqX6C/56XFIPAl5bt3zaBRjmW7SGz3u/6LwFpYcOg==}

  core-js@3.47.0:
    resolution: {integrity: sha512-c3Q2VVkGAUyupsjRnaNX6u8Dq2vAdzm9iuPj5FW0fRxzlxgq9Q39MDq10IvmQSpLgHQNyQzQmOo6bgGHmH3NNg==}

  react-dom@19.3.0:
    resolution: {integrity: sha512-JDk8dgif51OjFoDE70+OT9ICyYr+69HlmihNwp1+Nsfbna3t5sIiCa9ZJktDmQ4/1b/rn26hIAR2uYXDMr5r0Q==}
    peerDependencies:
      react: ^19.3.0

  react-refresh@0.18.0:
    resolution: {integrity: sha512-QgT5//D3jfjJb6Gsjxv0Slpj23ip+HtOpnNgnb2S5zU3CB26G/IDPGoy4RJB42wzFE46DRsstbW6tKHoKbhAxw==}
    engines: {node: '>=0.10.0'}

  react@19.3.0:
    resolution: {integrity: sha512-E8LUcbtBWt20bbl2YoHfx4ZDBdxVTfOKtCZn9cDSJ4l6/nuoApcpIBcj47t2wZoVX8g2ZHuMHbiShgCR1T5Sog==}
    engines: {node: '>=0.10.0'}

  scheduler@0.28.0:
    resolution: {integrity: sha512-juorfCmIkIw8tT+p5BXSm6PJjQF/ycEYmKyzURCIt/RaZIhL+PulbQ9Yu2z1HdOJDdqDTlxA1+xKBmHXJsczAw==}

  tslib@2.8.1:
    resolution: {integrity: sha512-oJFu94HQb+KVduSUQL7wnpmqnfmLsOA/nAh6b6EH0wCEoK0/mPeXU6c3wKDV83MkOuHPRHtSXKKU99IBazS/2w==}

snapshots:

  '@emnapi/core@1.11.3':
    dependencies:
      '@emnapi/wasi-threads': 1.2.3
      tslib: 2.8.1
    optional: true

  '@emnapi/runtime@1.11.3':
    dependencies:
      tslib: 2.8.1
    optional: true

  '@emnapi/wasi-threads@1.2.3':
    dependencies:
      tslib: 2.8.1
    optional: true

  '@napi-rs/wasm-runtime@1.1.6(@emnapi/core@1.11.3)(@emnapi/runtime@1.11.3)':
    dependencies:
      '@emnapi/core': 1.11.3
      '@emnapi/runtime': 1.11.3
      '@tybys/wasm-util': 0.10.3
    optional: true

  '@rsbuild/core@2.2.6(core-js@3.47.0)':
    dependencies:
      '@rspack/core': 2.2.4(@swc/helpers@0.5.23)
      '@swc/helpers': 0.5.23
    optionalDependencies:
      core-js: 3.47.0
    transitivePeerDependencies:
      - '@module-federation/runtime-tools'

  '@rsbuild/plugin-react@2.1.0(@rsbuild/core@2.2.6(core-js@3.47.0))(@rspack/core@2.2.4(@swc/helpers@0.5.23))':
    dependencies:
      '@rspack/plugin-react-refresh': 2.0.2(@rspack/core@2.2.4(@swc/helpers@0.5.23))(react-refresh@0.18.0)
      react-refresh: 0.18.0
    optionalDependencies:
      '@rsbuild/core': 2.2.6(core-js@3.47.0)
    transitivePeerDependencies:
      - '@rspack/core'

  '@rspack/binding-darwin-arm64@2.2.4':
    optional: true

  '@rspack/binding-darwin-x64@2.2.4':
    optional: true

  '@rspack/binding-linux-arm64-gnu@2.2.4':
    optional: true

  '@rspack/binding-linux-arm64-musl@2.2.4':
    optional: true

  '@rspack/binding-linux-ppc64-gnu@2.2.4':
    optional: true

  '@rspack/binding-linux-riscv64-gnu@2.2.4':
    optional: true

  '@rspack/binding-linux-riscv64-musl@2.2.4':
    optional: true

  '@rspack/binding-linux-s390x-gnu@2.2.4':
    optional: true

  '@rspack/binding-linux-x64-gnu@2.2.4':
    optional: true

  '@rspack/binding-linux-x64-musl@2.2.4':
    optional: true

  '@rspack/binding-wasm32-wasi@2.2.4':
    dependencies:
      '@emnapi/core': 1.11.3
      '@emnapi/runtime': 1.11.3
      '@napi-rs/wasm-runtime': 1.1.6(@emnapi/core@1.11.3)(@emnapi/runtime@1.11.3)
    optional: true

  '@rspack/binding-win32-arm64-msvc@2.2.4':
    optional: true

  '@rspack/binding-win32-ia32-msvc@2.2.4':
    optional: true

  '@rspack/binding-win32-x64-msvc@2.2.4':
    optional: true

  '@rspack/binding@2.2.4':
    optionalDependencies:
      '@rspack/binding-darwin-arm64': 2.2.4
      '@rspack/binding-darwin-x64': 2.2.4
      '@rspack/binding-linux-arm64-gnu': 2.2.4
      '@rspack/binding-linux-arm64-musl': 2.2.4
      '@rspack/binding-linux-ppc64-gnu': 2.2.4
      '@rspack/binding-linux-riscv64-gnu': 2.2.4
      '@rspack/binding-linux-riscv64-musl': 2.2.4
      '@rspack/binding-linux-s390x-gnu': 2.2.4
      '@rspack/binding-linux-x64-gnu': 2.2.4
      '@rspack/binding-linux-x64-musl': 2.2.4
      '@rspack/binding-wasm32-wasi': 2.2.4
      '@rspack/binding-win32-arm64-msvc': 2.2.4
      '@rspack/binding-win32-ia32-msvc': 2.2.4
      '@rspack/binding-win32-x64-msvc': 2.2.4

  '@rspack/core@2.2.4(@swc/helpers@0.5.23)':
    dependencies:
      '@rspack/binding': 2.2.4
    optionalDependencies:
      '@swc/helpers': 0.5.23

  '@rspack/plugin-react-refresh@2.0.2(@rspack/core@2.2.4(@swc/helpers@0.5.23))(react-refresh@0.18.0)':
    dependencies:
      react-refresh: 0.18.0
    optionalDependencies:
      '@rspack/core': 2.2.4(@swc/helpers@0.5.23)

  '@swc/helpers@0.5.23':
    dependencies:
      tslib: 2.8.1

  '@tybys/wasm-util@0.10.3':
    dependencies:
      tslib: 2.8.1
    optional: true

  core-js@3.47.0:
    optional: true

  react-dom@19.3.0(react@19.3.0):
    dependencies:
      react: 19.3.0
      scheduler: 0.28.0

  react-refresh@0.18.0: {}

  react@19.3.0: {}

  scheduler@0.28.0: {}

  tslib@2.8.1: {}
