lockfileVersion: '9.0'

settings:
  autoInstallPeers: true
  excludeLinksFromLockfile: false

importers:

  .:
    dependencies:
      react:
        specifier: ^18.3.0
        version: 18.3.1
      react-dom:
        specifier: ^18.3.0
        version: 18.3.1(react@18.3.1)
    devDependencies:
      '@rsbuild/core':
        specifier: ^1.0.1
        version: 1.0.1
      '@rsbuild/plugin-react':
        specifier: ^1.0.1
        version: 1.0.1(@rsbuild/core@1.0.1)

packages:

  '@module-federation/runtime-tools@0.5.1':
    resolution: {integrity: sha512-nfBedkoZ3/SWyO0hnmaxuz0R0iGPSikHZOAZ0N/dVSQaIzlffUo35B5nlC2wgWIc0JdMZfkwkjZRrnuuDIJbzg==}

  '@module-federation/runtime@0.5.1':
    resolution: {integrity: sha512-xgiMUWwGLWDrvZc9JibuEbXIbhXg6z2oUkemogSvQ4LKvrl/n0kbqP1Blk669mXzyWbqtSp6PpvNdwaE1aN5xQ==}

  '@module-federation/sdk@0.5.1':
    resolution: {integrity: sha512-exvchtjNURJJkpqjQ3/opdbfeT2wPKvrbnGnyRkrwW5o3FH1LaST1tkiNviT6OXTexGaVc2DahbdniQHVtQ7pA==}

  '@module-federation/webpack-bundler-runtime@0.5.1':
    resolution: {integrity: sha512-mMhRFH0k2VjwHt3Jol9JkUsmI/4XlrAoBG3E0o7HoyoPYv1UFOWyqAflfANcUPgbYpvqmyLzDcO+3IT36LXnrA==}

  '@rsbuild/core@1.0.1':
    resolution: {integrity: sha512-LbvlUxJut/bRgfu3gUsIzlQmJdZbEtEIPBygCwtCSgrjWeGO0zOqkMyO71jFqTyY8A32ygAz2P8NdUqiQbmFbQ==}
    engines: {node: '>=16.7.0'}
    hasBin: true

  '@rsbuild/plugin-react@1.0.1':
    resolution: {integrity: sha512-JdbuM/Ycwky6XPc0YmXXcDzUYZ4JxIORcio1MB+fJNMOrs3PP1hJF5vUm5NfA7YY391fIMxD9W4oB3GQUI5c6A==}
    peerDependencies:
      '@rsbuild/core': 1.x || ^1.0.1-rc.0

  '@rspack/binding-darwin-arm64@1.0.3':
    resolution: {integrity: sha512-MZlQpDRJkjIJJqmYMiziwz9vLXi1KjORYW6hemC2umDfOzUmlkRPBUF8oEqXaUQ+zYLbjhk4iTSbFdrlqUR+6w==}
    cpu: [arm64]
    os: [darwin]

  '@rspack/binding-darwin-x64@1.0.3':
    resolution: {integrity: sha512-Ke8Tw3+j5YFFIHjlqrEDnW5fbZU14s+l5LhLVaw6gVXH4yAAyFaZejaIViGi5fhKkdKmCXm0nVTK1KhhASZxAw==}
    cpu: [x64]
    os: [darwin]

  '@rspack/binding-linux-arm64-gnu@1.0.3':
    resolution: {integrity: sha512-Ydm6rsBnPYlKfWtz6sPRgAgJ5fQ+zFSHplR4bFlARIOXeWPn7ckQvFZrmKexuR0ULjG3Z4sbfrU6udc2MAWvig==}
    cpu: [arm64]
    os: [linux]

  '@rspack/binding-linux-arm64-musl@1.0.3':
    resolution: {integrity: sha512-2aS65Xne3W6qJJ5PN5oL/bMbkUeYpsQduT+ML6vY6hqvi6W6wYtkvHwscQ4HisxKQFWdB2bsE1+UT34XgHpijw==}
    cpu: [arm64]
    os: [linux]

  '@rspack/binding-linux-x64-gnu@1.0.3':
    resolution: {integrity: sha512-6UWii/GBkV0B98RSjJr9Za5Y8rvU1vQpE5+8vb26pvo3Sh3kvRfOmSeIFyqR3I92er5SQKmEp8uggb74st6QGQ==}
    cpu: [x64]
    os: [linux]

  '@rspack/binding-linux-x64-musl@1.0.3':
    resolution: {integrity: sha512-tpKGPJEe6vkkH3bsDz+l7xndNrOGxDvbDVOXV0uSESnRr6Pef5253Bi5PNooGLSaWQlXVDdazhi6x1beVHI2eg==}
    cpu: [x64]
    os: [linux]

  '@rspack/binding-win32-arm64-msvc@1.0.3':
    resolution: {integrity: sha512-9FwP64T6yeq3cG1JQG0VagTMuJxJCT45G9LN5RTJ2kxJ4T28vL7uEc9usPpXOyd6xpbzTKXX0mVxL+c8x0EhZQ==}
    cpu: [arm64]
    os: [win32]

  '@rspack/binding-win32-ia32-msvc@1.0.3':
    resolution: {integrity: sha512-nXbeh0206bGiwV1vgY8UDk92sZ2yMvJenevnnLtGFSMTRQ46Z2f9n+mUO1GlvpanR1HAfhgPddlKasIncTJmPQ==}
    cpu: [ia32]
    os: [win32]

  '@rspack/binding-win32-x64-msvc@1.0.3':
    resolution: {integrity: sha512-htBi4xt+iXD/NCEo/q4fYSg5YfXymK9P9zI36NFvfguQbhwqy4JgBx0IorjDFl5qvG70sdUzY7x98DJEseGScQ==}
    cpu: [x64]
    os: [win32]

  '@rspack/binding@1.0.3':
    resolution: {integrity: sha512-wRLUDyi/6jFDDZJIov4uh9H9hJNk7JKDEhaMLM/5lJzzWsTLBB/q6JB1VAdIzOzBhYsU8iIMEVuG3Uih1H43uw==}

  '@rspack/core@1.0.3':
    resolution: {integrity: sha512-BqyBSrcTtsm1EDI10TrK6tEfNsy5vEnVDnbI0HBuQBH1zhKblnvsu6Y2bbS9+OGmB+OPEr76CmuZtzb+7V3wrQ==}
    engines: {node: '>=16.0.0'}
    peerDependencies:
      '@swc/helpers': '>=0.5.1'
    peerDependenciesMeta:
      '@swc/helpers':
        optional: true

  '@rspack/lite-tapable@1.0.0':
    resolution: {integrity: sha512-7MZf4lburSUZoEenwazwUDKHhqyfnLCGnQ/tKcUtztfmVzfjZfRn/EaiT0AKkYGnL2U8AGsw89oUeVyvaOLVCw==}
    engines: {node: '>=16.0.0'}

  '@rspack/plugin-react-refresh@1.0.0':
    resolution: {integrity: sha512-WvXkLewW5G0Mlo5H1b251yDh5FFiH4NDAbYlFpvFjcuXX2AchZRf9zdw57BDE/ADyWsJgA8kixN/zZWBTN3iYA==}
    peerDependencies:
      react-refresh: '>=0.10.0 <1.0.0'
    peerDependenciesMeta:
      react-refresh:
        optional: true

  '@swc/helpers@0.5.12':
    resolution: {integrity: sha512-KMZNXiGibsW9kvZAO1Pam2JPTDBm+KSHMMHWdsyI/1DbIZjT2A6Gy3hblVXUMEDvUAKq+e0vL0X0o54owWji7g==}

  caniuse-lite@1.0.30001659:
    resolution: {integrity: sha512-Qxxyfv3RdHAfJcXelgf0hU4DFUVXBGTjqrBUZLUh8AtlGnsDo+CnncYtTd95+ZKfnANUOzxyIQCuU/UeBZBYoA==}

  core-js@3.38.1:
    resolution: {integrity: sha512-OP35aUorbU3Zvlx7pjsFdu1rGNnD4pgw/CWoYzRY3t2EzoVT7shKHY1dlAy3f41cGIO7ZDPQimhGFTlEYkG/Hw==}

  error-stack-parser@2.1.4:
    resolution: {integrity: sha512-Sk5V6wVazPhq5MhpO+AUxJn5x7XSXGl1R93Vn7i+zS15KDVxQijejNCrz8340/2bgLBjR9GtEG8ZVKONDjcqGQ==}

  fsevents@2.3.3:
    resolution: {integrity: sha512-5xoDfX+fL7faATnagmWPpbFtwh/R77WmMMqqHGS65C3vvB0YHrgF+B1YmZ3441tMj5n63k0212XNoJwzlhffQw==}
    engines: {node: ^8.16.0 || ^10.6.0 || >=11.0.0}
    os: [darwin]

  html-entities@2.5.2:
    resolution: {integrity: sha512-K//PSRMQk4FZ78Kyau+mZurHn3FH0Vwr+H36eE0rPbeYkRRi9YxceYPhuN60UwWorxyKHhqoAJl2OFKa4BVtaA==}

  js-tokens@4.0.0:
    resolution: {integrity: sha512-RdJUflcE3cUzKiMqQgsCu06FPu9UdIJO0beYbPhHN4k6apgJtifcoCtT9bcxOpYBtpD2kCM6Sbzg4CausW/PKQ==}

  loose-envify@1.4.0:
    resolution: {integrity: sha512-lyuxPGr/Wfhrlem2CL/UcnUc1zcqKAImBDzukY7Y5F/yQiNdko6+fRLevlw1HgMySw7f611UIY408EtxRSoK3Q==}
    hasBin: true

  react-dom@18.3.1:
    resolution: {integrity: sha512-5m4nQKp+rZRb09LNH59GM4BxTh9251/ylbKIbpe7TpGxfJ+9kv6BLkLBXIjjspbgbnIBNqlI23tRnTWT0snUIw==}
    peerDependencies:
      react: ^18.3.1

  react-refresh@0.14.2:
    resolution: {integrity: sha512-jCvmsr+1IUSMUyzOkRcvnVbX3ZYC6g9TDrDbFuFmRDq7PD4yaGbLKNQL6k2jnArV8hjYxh7hVhAZB6s9HDGpZA==}
    engines: {node: '>=0.10.0'}

  react@18.3.1:
    resolution: {integrity: sha512-wS+hAgJShR0KhEvPJArfuPVN1+Hz1t0Y6n5jLrGQbkb4urgPE/0Rve+1kMB1v/oWgHgm4WIcV+i7F2pTVj+2iQ==}
    engines: {node: '>=0.10.0'}

  scheduler@0.23.2:
    resolution: {integrity: sha512-UOShsPwz7NrMUqhR6t0hWjFduvOzbtv7toDH1/hIrfRNIDBnnBWd0CwJTGvTpngVlmwGCdP9/Zl/tVrDqcuYzQ==}

  stackframe@1.3.4:
    resolution: {integrity: sha512-oeVtt7eWQS+Na6F//S4kJ2K2VbRlS9D43mAlMyVpVWovy9o+jfgH8O9agzANzaiLjclA0oYzUXEM4PurhSUChw==}

  tslib@2.6.2:
    resolution: {integrity: sha512-AEYxH93jGFPn/a2iVAwW87VuUIkR1FVUKB77NwMF7nBTDkDrrT/Hpt/IrCJ0QXhW27jTBDcf5ZY7w6RiqTMw2Q==}

snapshots:

  '@module-federation/runtime-tools@0.5.1':
    dependencies:
      '@module-federation/runtime': 0.5.1
      '@module-federation/webpack-bundler-runtime': 0.5.1

  '@module-federation/runtime@0.5.1':
    dependencies:
      '@module-federation/sdk': 0.5.1

  '@module-federation/sdk@0.5.1': {}

  '@module-federation/webpack-bundler-runtime@0.5.1':
    dependencies:
      '@module-federation/runtime': 0.5.1
      '@module-federation/sdk': 0.5.1

  '@rsbuild/core@1.0.1':
    dependencies:
      '@rspack/core': 1.0.3(@swc/helpers@0.5.12)
      '@rspack/lite-tapable': 1.0.0
      '@swc/helpers': 0.5.12
      caniuse-lite: 1.0.30001659
      core-js: 3.38.1
    optionalDependencies:
      fsevents: 2.3.3

  '@rsbuild/plugin-react@1.0.1(@rsbuild/core@1.0.1)':
    dependencies:
      '@rsbuild/core': 1.0.1
      '@rspack/plugin-react-refresh': 1.0.0(react-refresh@0.14.2)
      react-refresh: 0.14.2

  '@rspack/binding-darwin-arm64@1.0.3':
    optional: true

  '@rspack/binding-darwin-x64@1.0.3':
    optional: true

  '@rspack/binding-linux-arm64-gnu@1.0.3':
    optional: true

  '@rspack/binding-linux-arm64-musl@1.0.3':
    optional: true

  '@rspack/binding-linux-x64-gnu@1.0.3':
    optional: true

  '@rspack/binding-linux-x64-musl@1.0.3':
    optional: true

  '@rspack/binding-win32-arm64-msvc@1.0.3':
    optional: true

  '@rspack/binding-win32-ia32-msvc@1.0.3':
    optional: true

  '@rspack/binding-win32-x64-msvc@1.0.3':
    optional: true

  '@rspack/binding@1.0.3':
    optionalDependencies:
      '@rspack/binding-darwin-arm64': 1.0.3
      '@rspack/binding-darwin-x64': 1.0.3
      '@rspack/binding-linux-arm64-gnu': 1.0.3
      '@rspack/binding-linux-arm64-musl': 1.0.3
      '@rspack/binding-linux-x64-gnu': 1.0.3
      '@rspack/binding-linux-x64-musl': 1.0.3
      '@rspack/binding-win32-arm64-msvc': 1.0.3
      '@rspack/binding-win32-ia32-msvc': 1.0.3
      '@rspack/binding-win32-x64-msvc': 1.0.3

  '@rspack/core@1.0.3(@swc/helpers@0.5.12)':
    dependencies:
      '@module-federation/runtime-tools': 0.5.1
      '@rspack/binding': 1.0.3
      '@rspack/lite-tapable': 1.0.0
      caniuse-lite: 1.0.30001659
    optionalDependencies:
      '@swc/helpers': 0.5.12

  '@rspack/lite-tapable@1.0.0': {}

  '@rspack/plugin-react-refresh@1.0.0(react-refresh@0.14.2)':
    dependencies:
      error-stack-parser: 2.1.4
      html-entities: 2.5.2
    optionalDependencies:
      react-refresh: 0.14.2

  '@swc/helpers@0.5.12':
    dependencies:
      tslib: 2.6.2

  caniuse-lite@1.0.30001659: {}

  core-js@3.38.1: {}

  error-stack-parser@2.1.4:
    dependencies:
      stackframe: 1.3.4

  fsevents@2.3.3:
    optional: true

  html-entities@2.5.2: {}

  js-tokens@4.0.0: {}

  loose-envify@1.4.0:
    dependencies:
      js-tokens: 4.0.0

  react-dom@18.3.1(react@18.3.1):
    dependencies:
      loose-envify: 1.4.0
      react: 18.3.1
      scheduler: 0.23.2

  react-refresh@0.14.2: {}

  react@18.3.1:
    dependencies:
      loose-envify: 1.4.0

  scheduler@0.23.2:
    dependencies:
      loose-envify: 1.4.0

  stackframe@1.3.4: {}

  tslib@2.6.2: {}
